<?xml version="1.0" encoding="utf-8"?>
<Project ToolsVersion="4.0" xmlns="http://schemas.microsoft.com/developer/msbuild/2003">
  <ItemGroup>
    <Filter Include="Source Files">
      <UniqueIdentifier>{4FC737F1-C7A5-4376-A066-2A32D752A2FF}</UniqueIdentifier>
      <Extensions>cpp;c;cc;cxx;def;odl;idl;hpj;bat;asm;asmx</Extensions>
    </Filter>
    <Filter Include="Resource Files">
      <UniqueIdentifier>{67DA6AB6-F800-4c08-8B7A-83BB121AAD01}</UniqueIdentifier>
      <Extensions>rc;ico;cur;bmp;dlg;rc2;rct;bin;rgs;gif;jpg;jpeg;jpe;resx;tiff;tif;png;wav;mfcribbon-ms</Extensions>
    </Filter>
    <Filter Include="Resource Files\Shaders">
      <UniqueIdentifier>{d8c6f640-d50d-4388-8a50-90686886c71a}</UniqueIdentifier>
    </Filter>
    <Filter Include="Resource Files\Scenes">
      <UniqueIdentifier>{66439e2a-f58c-4c2a-aad1-3af2e58e4920}</UniqueIdentifier>
    </Filter>
    <Filter Include="Resource Files\Textures">
      <UniqueIdentifier>{88876fa3-1e9f-4223-8d1d-570a59edf1cd}</UniqueIdentifier>
    </Filter>
    <Filter Include="Header Files">
      <UniqueIdentifier>{b2c4463a-34bf-401c-812d-8f8dcd39553b}</UniqueIdentifier>
    </Filter>
  </ItemGroup>
  <ItemGroup>
    <ClInclude Include="..\Source\Shaders.h">
      <Filter>Header Files</Filter>
    </ClInclude>
    <ClInclude Include="..\Source\IO.h">
      <Filter>Header Files</Filter>
    </ClInclude>
    <ClInclude Include="..\Source\Renderer.h">
      <Filter>Header Files</Filter>
    </ClInclude>
    <ClInclude Include="..\Source\Scene.h">
      <Filter>Header Files</Filter>
    </ClInclude>
    <ClInclude Include="..\Source\Setup.h">
      <Filter>Header Files</Filter>
    </ClInclude>
    <ClInclude Include="..\Source\ModelCube.h">
      <Filter>Header Files</Filter>
    </ClInclude>
    <ClInclude Include="..\Source\Model.h">
      <Filter>Header Files</Filter>
    </ClInclude>
    <ClInclude Include="..\Source\OBJloaderV2.h">
      <Filter>Header Files</Filter>
    </ClInclude>
    <ClInclude Include="..\Source\ModelBumperCar.h">
      <Filter>Header Files</Filter>
    </ClInclude>
    <ClInclude Include="..\Source\CameraThird.h">
      <Filter>Header Files</Filter>
    </ClInclude>
    <ClInclude Include="..\Source\OBJ_Loader.h">
      <Filter>Header Files</Filter>
    </ClInclude>
    <ClInclude Include="..\Source\Light.h">
      <Filter>Header Files</Filter>
    </ClInclude>
    <ClInclude Include="..\Source\LightPoint.h">
      <Filter>Header Files</Filter>
    </ClInclude>
    <ClInclude Include="..\Source\Collision.h">
      <Filter>Header Files</Filter>
    </ClInclude>
    <ClInclude Include="..\Source\Movement.h">
      <Filter>Header Files</Filter>
    </ClInclude>
    <ClInclude Include="..\Source\ModelSmoke.h">
      <Filter>Header Files</Filter>
    </ClInclude>
    <ClInclude Include="..\Source\Emitter.h">
      <Filter>Header Files</Filter>
    </ClInclude>
    <ClInclude Include="..\Source\ModelEntrance.h">
      <Filter>Header Files</Filter>
    </ClInclude>
    <ClInclude Include="..\Source\ModelExit.h">
      <Filter>Header Files</Filter>
    </ClInclude>
    <ClInclude Include="..\Source\ModelField.h">
      <Filter>Header Files</Filter>
    </ClInclude>
    <ClInclude Include="..\Source\LightDirectional.h">
      <Filter>Header Files</Filter>
    </ClInclude>
    <ClInclude Include="..\Source\LightSpot.h">
      <Filter>Header Files</Filter>
    </ClInclude>
  </ItemGroup>
  <ItemGroup>
    <Image Include="..\Assets\Textures\red.jpg">
      <Filter>Resource Files\Textures</Filter>
    </Image>
    <Image Include="..\Assets\Textures\tires.jpg">
      <Filter>Resource Files\Textures</Filter>
    </Image>
    <Image Include="..\Assets\Textures\brick.jpg">
      <Filter>Resource Files\Textures</Filter>
    </Image>
    <Image Include="..\Assets\Textures\cement.jpg">
      <Filter>Resource Files\Textures</Filter>
    </Image>
    <Image Include="..\Assets\Textures\grass512.jpg">
      <Filter>Resource Files\Textures</Filter>
    </Image>
  </ItemGroup>
  <ItemGroup>
    <None Include="..\Source\textureVert.glsl">
      <Filter>Resource Files\Shaders</Filter>
    </None>
    <None Include="..\Source\colorFrag.glsl">
      <Filter>Resource Files\Shaders</Filter>
    </None>
    <None Include="..\Source\colorVert.glsl">
      <Filter>Resource Files\Shaders</Filter>
    </None>
    <None Include="..\Source\shadowFrag.glsl">
      <Filter>Resource Files\Shaders</Filter>
    </None>
    <None Include="..\Source\shadowVert.glsl">
      <Filter>Resource Files\Shaders</Filter>
    </None>
    <None Include="..\Source\textureFrag.glsl">
      <Filter>Resource Files\Shaders</Filter>
    </None>
    <None Include="..\Source\sceneFrag.glsl">
      <Filter>Resource Files\Shaders</Filter>
    </None>
    <None Include="..\Source\sceneVert.glsl">
      <Filter>Resource Files\Shaders</Filter>
    </None>
    <None Include="..\Source\smokeFrag.glsl">
      <Filter>Resource Files\Shaders</Filter>
    </None>
    <None Include="..\Source\smokeVert.glsl">
      <Filter>Resource Files\Shaders</Filter>
    </None>
  </ItemGroup>
  <ItemGroup>
    <ClCompile Include="..\Source\main.cpp">
      <Filter>Source Files</Filter>
    </ClCompile>
    <ClCompile Include="..\Source\Shaders.cpp">
      <Filter>Source Files</Filter>
    </ClCompile>
    <ClCompile Include="..\Source\Setup.cpp">
      <Filter>Source Files</Filter>
    </ClCompile>
    <ClCompile Include="..\Source\IO.cpp">
      <Filter>Source Files</Filter>
    </ClCompile>
    <ClCompile Include="..\Source\Renderer.cpp">
      <Filter>Source Files</Filter>
    </ClCompile>
    <ClCompile Include="..\Source\Scene.cpp">
      <Filter>Source Files</Filter>
    </ClCompile>
    <ClCompile Include="..\Source\Model.cpp">
      <Filter>Source Files</Filter>
    </ClCompile>
    <ClCompile Include="..\Source\ModelCube.cpp">
      <Filter>Source Files</Filter>
    </ClCompile>
    <ClCompile Include="..\Source\CameraThird.cpp">
      <Filter>Source Files</Filter>
    </ClCompile>
    <ClCompile Include="..\Source\ModelBumperCar.cpp">
      <Filter>Source Files</Filter>
    </ClCompile>
    <ClCompile Include="..\Source\OBJloaderV2.cpp">
      <Filter>Source Files</Filter>
    </ClCompile>
    <ClCompile Include="..\Source\Light.cpp">
      <Filter>Source Files</Filter>
    </ClCompile>
    <ClCompile Include="..\Source\LightPoint.cpp">
      <Filter>Source Files</Filter>
    </ClCompile>
    <ClCompile Include="..\Source\Collision.cpp">
      <Filter>Source Files</Filter>
    </ClCompile>
    <ClCompile Include="..\Source\Movement.cpp">
      <Filter>Source Files</Filter>
    </ClCompile>
    <ClCompile Include="..\Source\ModelSmoke.cpp">
      <Filter>Source Files</Filter>
    </ClCompile>
    <ClCompile Include="..\Source\Emitter.cpp">
      <Filter>Source Files</Filter>
    </ClCompile>
    <ClCompile Include="..\Source\ModelEntrance.cpp">
      <Filter>Source Files</Filter>
    </ClCompile>
    <ClCompile Include="..\Source\ModelExit.cpp">
      <Filter>Source Files</Filter>
    </ClCompile>
    <ClCompile Include="..\Source\ModelField.cpp">
      <Filter>Source Files</Filter>
    </ClCompile>
    <ClCompile Include="..\Source\LightDirectional.cpp">
      <Filter>Source Files</Filter>
    </ClCompile>
    <ClCompile Include="..\Source\LightSpot.cpp">
      <Filter>Source Files</Filter>
    </ClCompile>
  </ItemGroup>
</Project>